
Microsoft Visual Studio Solution File, Format Version 12.00
# Visual Studio 2012
Project("{FAE04EC0-301F-11D3-BF4B-00C04F79EFBC}") = "RealmMigration", "RealmMigration\RealmMigration.csproj", "{DDE216CB-C166-4F52-8EE1-750F5DA65B65}"
EndProject
Global
	GlobalSection(SolutionConfigurationPlatforms) = preSolution
		Debug|Any CPU = Debug|Any CPU
		Release|Any CPU = Release|Any CPU
	EndGlobalSection
	GlobalSection(ProjectConfigurationPlatforms) = postSolution
		{DDE216CB-C166-4F52-8EE1-750F5DA65B65}.Debug|Any CPU.ActiveCfg = Debug|Any CPU
		{DDE216CB-C166-4F52-8EE1-750F5DA65B65}.Debug|Any CPU.Build.0 = Debug|Any CPU
		{DDE216CB-C166-4F52-8EE1-750F5DA65B65}.Release|Any CPU.ActiveCfg = Release|Any CPU
		{DDE216CB-C166-4F52-8EE1-750F5DA65B65}.Release|Any CPU.Build.0 = Release|Any CPU
	EndGlobalSection
EndGlobal
